# THIS IS AN AUTOGENERATED FILE. DO NOT EDIT THIS FILE DIRECTLY.
# yarn lockfile v1


"@types/node@^8.0.51":
  version "8.0.51"
  resolved "https://registry.yarnpkg.com/@types/node/-/node-8.0.51.tgz#b31d716fb8d58eeb95c068a039b9b6292817d5fb"

any-promise@^1.0.0:
  version "1.3.0"
  resolved "https://registry.yarnpkg.com/any-promise/-/any-promise-1.3.0.tgz#abc6afeedcea52e809cdc0376aed3ce39635d17f"

async@~0.2.7:
  version "0.2.10"
  resolved "https://registry.yarnpkg.com/async/-/async-0.2.10.tgz#b6bbe0b0674b9d719708ca38de8c237cb526c3d1"

balanced-match@^1.0.0:
  version "1.0.0"
  resolved "https://registry.yarnpkg.com/balanced-match/-/balanced-match-1.0.0.tgz#89b4d199ab2bee49de164ea02b89ce462d71b767"

brace-expansion@^1.1.7:
  version "1.1.8"
  resolved "https://registry.yarnpkg.com/brace-expansion/-/brace-expansion-1.1.8.tgz#c07b211c7c952ec1f8efd51a77ef0d1d3990a292"
  dependencies:
    balanced-match "^1.0.0"
    concat-map "0.0.1"

byte@^1.1.6:
  version "1.2.0"
  resolved "https://registry.yarnpkg.com/byte/-/byte-1.2.0.tgz#f973b8a079d2d1ae23817eb4b78df12044785a73"
  dependencies:
    debug "^2.6.6"
    long "^3.2.0"
    utility "^1.12.0"

concat-map@0.0.1:
  version "0.0.1"
  resolved "https://registry.yarnpkg.com/concat-map/-/concat-map-0.0.1.tgz#d8a96bd77fd68df7793a73036a3ba0d5405d477b"

copy-to@~2.0.1:
  version "2.0.1"
  resolved "https://registry.yarnpkg.com/copy-to/-/copy-to-2.0.1.tgz#2680fbb8068a48d08656b6098092bdafc906f4a5"

core-util-is@^1.0.2:
  version "1.0.2"
  resolved "https://registry.yarnpkg.com/core-util-is/-/core-util-is-1.0.2.tgz#b5fd54220aa2bc5ab57aab7140c940754503c1a7"

debug@^2.6.6, debug@^2.6.8:
  version "2.6.9"
  resolved "https://registry.yarnpkg.com/debug/-/debug-2.6.9.tgz#5d128515df134ff327e90a4c93f4e077a536341f"
  dependencies:
    ms "2.0.0"

escape-html@~1.0.3:
  version "1.0.3"
  resolved "https://registry.yarnpkg.com/escape-html/-/escape-html-1.0.3.tgz#0258eae4d3d0c0974de1c169188ef0051d1d1988"

fs.realpath@^1.0.0:
  version "1.0.0"
  resolved "https://registry.yarnpkg.com/fs.realpath/-/fs.realpath-1.0.0.tgz#1504ad2523158caa40db4a2787cb01411994ea4f"

glob@^7.0.5:
  version "7.1.2"
  resolved "https://registry.yarnpkg.com/glob/-/glob-7.1.2.tgz#c19c9df9a028702d678612384a6552404c636d15"
  dependencies:
    fs.realpath "^1.0.0"
    inflight "^1.0.4"
    inherits "2"
    minimatch "^3.0.4"
    once "^1.3.0"
    path-is-absolute "^1.0.0"

hessian.js@^2.5.0:
  version "2.5.0"
  resolved "https://registry.yarnpkg.com/hessian.js/-/hessian.js-2.5.0.tgz#da18f63c8d1702e3f6d28a1135744dd1421e77fe"
  dependencies:
    byte "^1.1.6"
    debug "^2.6.8"
    is-type-of "^1.1.0"
    long "^3.2.0"
    utility "^1.12.0"

inflight@^1.0.4:
  version "1.0.6"
  resolved "https://registry.yarnpkg.com/inflight/-/inflight-1.0.6.tgz#49bd6331d7d02d0c09bc910a1075ba8165b56df9"
  dependencies:
    once "^1.3.0"
    wrappy "1"

inherits@2:
  version "2.0.3"
  resolved "https://registry.yarnpkg.com/inherits/-/inherits-2.0.3.tgz#633c2c83e3da42a502f52466022480f4208261de"

is-class@~0.0.4:
  version "0.0.4"
  resolved "https://registry.yarnpkg.com/is-class/-/is-class-0.0.4.tgz#e057451705bb34e39e3e33598c93a9837296b736"

is-type-of@^1.1.0:
  version "1.2.0"
  resolved "https://registry.yarnpkg.com/is-type-of/-/is-type-of-1.2.0.tgz#b553cbb4621adf5b4171e8883f370e7a6ec38995"
  dependencies:
    core-util-is "^1.0.2"
    is-class "~0.0.4"
    isstream "~0.1.2"

isstream@~0.1.2:
  version "0.1.2"
  resolved "https://registry.yarnpkg.com/isstream/-/isstream-0.1.2.tgz#47e63f7af55afa6f92e1500e690eb8b8529c099a"

js-to-java@^2.4.0:
  version "2.4.0"
  resolved "https://registry.yarnpkg.com/js-to-java/-/js-to-java-2.4.0.tgz#b275f2ddfeb2f71e6bd0c41cb74573187f201a50"

long@^3.2.0:
  version "3.2.0"
  resolved "https://registry.yarnpkg.com/long/-/long-3.2.0.tgz#d821b7138ca1cb581c172990ef14db200b5c474b"

minimatch@^3.0.4:
  version "3.0.4"
  resolved "https://registry.yarnpkg.com/minimatch/-/minimatch-3.0.4.tgz#5166e286457f03306064be5497e8dbb0c3d32083"
  dependencies:
    brace-expansion "^1.1.7"

minimist@0.0.8:
  version "0.0.8"
  resolved "https://registry.yarnpkg.com/minimist/-/minimist-0.0.8.tgz#857fcabfc3397d2625b8228262e86aa7a011b05d"

mkdirp@~0.5.1:
  version "0.5.1"
  resolved "https://registry.yarnpkg.com/mkdirp/-/mkdirp-0.5.1.tgz#30057438eac6cf7f8c4767f38648d6697d75c903"
  dependencies:
    minimist "0.0.8"

ms@2.0.0:
  version "2.0.0"
  resolved "https://registry.yarnpkg.com/ms/-/ms-2.0.0.tgz#5608aeadfc00be6c2901df5f9861788de0d597c8"

mz@~2.7.0:
  version "2.7.0"
  resolved "https://registry.yarnpkg.com/mz/-/mz-2.7.0.tgz#95008057a56cafadc2bc63dde7f9ff6955948e32"
  dependencies:
    any-promise "^1.0.0"
    object-assign "^4.0.1"
    thenify-all "^1.0.0"

node-zookeeper-client@^0.2.2:
  version "0.2.2"
  resolved "https://registry.yarnpkg.com/node-zookeeper-client/-/node-zookeeper-client-0.2.2.tgz#097bda01999eef8f602ce068b632600069dbf685"
  dependencies:
    async "~0.2.7"
    underscore "~1.4.4"

object-assign@^4.0.1:
  version "4.1.1"
  resolved "https://registry.yarnpkg.com/object-assign/-/object-assign-4.1.1.tgz#2109adc7965887cfc05cbbd442cac8bfbb360863"

once@^1.3.0:
  version "1.4.0"
  resolved "https://registry.yarnpkg.com/once/-/once-1.4.0.tgz#583b1aa775961d4b113ac17d9c50baef9dd76bd1"
  dependencies:
    wrappy "1"

path-is-absolute@^1.0.0:
  version "1.0.1"
  resolved "https://registry.yarnpkg.com/path-is-absolute/-/path-is-absolute-1.0.1.tgz#174b9268735534ffbc7ace6bf53a5a9e1b5c5f5f"

prettier@^1.8.2:
  version "1.8.2"
  resolved "https://registry.yarnpkg.com/prettier/-/prettier-1.8.2.tgz#bff83e7fd573933c607875e5ba3abbdffb96aeb8"

punycode@1.3.2:
  version "1.3.2"
  resolved "https://registry.yarnpkg.com/punycode/-/punycode-1.3.2.tgz#9653a036fb7c1ee42342f2325cceefea3926c48d"

querystring@0.2.0, querystring@^0.2.0:
  version "0.2.0"
  resolved "https://registry.yarnpkg.com/querystring/-/querystring-0.2.0.tgz#b209849203bb25df820da756e747005878521620"

rimraf@^2.6.2:
  version "2.6.2"
  resolved "https://registry.yarnpkg.com/rimraf/-/rimraf-2.6.2.tgz#2ed8150d24a16ea8651e6d6ef0f47c4158ce7a36"
  dependencies:
    glob "^7.0.5"

thenify-all@^1.0.0:
  version "1.6.0"
  resolved "https://registry.yarnpkg.com/thenify-all/-/thenify-all-1.6.0.tgz#1a1918d402d8fc3f98fbf234db0bcc8cc10e9726"
  dependencies:
    thenify ">= 3.1.0 < 4"

"thenify@>= 3.1.0 < 4":
  version "3.3.0"
  resolved "https://registry.yarnpkg.com/thenify/-/thenify-3.3.0.tgz#e69e38a1babe969b0108207978b9f62b88604839"
  dependencies:
    any-promise "^1.0.0"

typescript@^2.6.1:
  version "2.6.1"
  resolved "https://registry.yarnpkg.com/typescript/-/typescript-2.6.1.tgz#ef39cdea27abac0b500242d6726ab90e0c846631"

underscore@~1.4.4:
  version "1.4.4"
  resolved "https://registry.yarnpkg.com/underscore/-/underscore-1.4.4.tgz#61a6a32010622afa07963bf325203cf12239d604"

url@^0.11.0:
  version "0.11.0"
  resolved "https://registry.yarnpkg.com/url/-/url-0.11.0.tgz#3838e97cfc60521eb73c525a8e55bfdd9e2e28f1"
  dependencies:
    punycode "1.3.2"
    querystring "0.2.0"

utility@^1.12.0:
  version "1.13.1"
  resolved "https://registry.yarnpkg.com/utility/-/utility-1.13.1.tgz#9d72e145e49e4c5a21f2c307b0baf575235023f4"
  dependencies:
    copy-to "~2.0.1"
    escape-html "~1.0.3"
    mkdirp "~0.5.1"
    mz "~2.7.0"

wrappy@1:
  version "1.0.2"
  resolved "https://registry.yarnpkg.com/wrappy/-/wrappy-1.0.2.tgz#b5243d8f3ec1aa35f1364605bc0d1036e30ab69f"
